
Microsoft Visual Studio Solution File, Format Version 12.00
# Visual Studio Version 17
VisualStudioVersion = 17.5.002.0
MinimumVisualStudioVersion = 10.0.40219.1
Project("{9A19103F-16F7-4668-BE54-9A1E7A4F7556}") = "API Finanzas", "API Finanzas.csproj", "{FD1C04FB-BD2E-419C-9E14-419A45202F03}"
EndProject
Global
	GlobalSection(SolutionConfigurationPlatforms) = preSolution
		Debug|Any CPU = Debug|Any CPU
		Release|Any CPU = Release|Any CPU
	EndGlobalSection
	GlobalSection(ProjectConfigurationPlatforms) = postSolution
		{FD1C04FB-BD2E-419C-9E14-419A45202F03}.Debug|Any CPU.ActiveCfg = Debug|Any CPU
		{FD1C04FB-BD2E-419C-9E14-419A45202F03}.Debug|Any CPU.Build.0 = Debug|Any CPU
		{FD1C04FB-BD2E-419C-9E14-419A45202F03}.Release|Any CPU.ActiveCfg = Release|Any CPU
		{FD1C04FB-BD2E-419C-9E14-419A45202F03}.Release|Any CPU.Build.0 = Release|Any CPU
	EndGlobalSection
	GlobalSection(SolutionProperties) = preSolution
		HideSolutionNode = FALSE
	EndGlobalSection
	GlobalSection(ExtensibilityGlobals) = postSolution
		SolutionGuid = {AA642812-3673-4CB1-905D-436D92750BA6}
	EndGlobalSection
EndGlobal
